
Microsoft Visual Studio Solution File, Format Version 12.00
# Visual Studio Version 16
VisualStudioVersion = 16.0.31424.327
MinimumVisualStudioVersion = 10.0.40219.1
Project("{9A19103F-16F7-4668-BE54-9A1E7A4F7556}") = "MLDotNetSentiment.ConsoleUI", "MLDotNetSentiment.ConsoleUI\MLDotNetSentiment.ConsoleUI.csproj", "{06F7D23F-7964-46C4-8AA8-40AABBD535D3}"
EndProject
Project("{9A19103F-16F7-4668-BE54-9A1E7A4F7556}") = "MLModel01.ConsoleApp02", "MLModel01.ConsoleApp02\MLModel01.ConsoleApp02.csproj", "{EE475334-7BCD-4770-A175-A280D8C8AC30}"
EndProject
Global
	GlobalSection(SolutionConfigurationPlatforms) = preSolution
		Debug|Any CPU = Debug|Any CPU
		Release|Any CPU = Release|Any CPU
	EndGlobalSection
	GlobalSection(ProjectConfigurationPlatforms) = postSolution
		{06F7D23F-7964-46C4-8AA8-40AABBD535D3}.Debug|Any CPU.ActiveCfg = Debug|Any CPU
		{06F7D23F-7964-46C4-8AA8-40AABBD535D3}.Debug|Any CPU.Build.0 = Debug|Any CPU
		{06F7D23F-7964-46C4-8AA8-40AABBD535D3}.Release|Any CPU.ActiveCfg = Release|Any CPU
		{06F7D23F-7964-46C4-8AA8-40AABBD535D3}.Release|Any CPU.Build.0 = Release|Any CPU
		{EE475334-7BCD-4770-A175-A280D8C8AC30}.Debug|Any CPU.ActiveCfg = Debug|Any CPU
		{EE475334-7BCD-4770-A175-A280D8C8AC30}.Debug|Any CPU.Build.0 = Debug|Any CPU
		{EE475334-7BCD-4770-A175-A280D8C8AC30}.Release|Any CPU.ActiveCfg = Release|Any CPU
		{EE475334-7BCD-4770-A175-A280D8C8AC30}.Release|Any CPU.Build.0 = Release|Any CPU
	EndGlobalSection
	GlobalSection(SolutionProperties) = preSolution
		HideSolutionNode = FALSE
	EndGlobalSection
	GlobalSection(ExtensibilityGlobals) = postSolution
		SolutionGuid = {4488F2C0-94A2-4CB0-A138-C4B8C13452A4}
	EndGlobalSection
EndGlobal
